
Microsoft Visual Studio Solution File, Format Version 12.00
# Visual Studio Version 18
VisualStudioVersion = 18.3.11520.95 d18.3
MinimumVisualStudioVersion = 10.0.40219.1
Project("{9A19103F-16F7-4668-BE54-9A1E7A4F7556}") = "OtusCSharpHW3", "OtusCSharpHW3\OtusCSharpHW3.csproj", "{DEBC9053-7F4D-43D9-8AF6-B2717AD67825}"
EndProject
Project("{9A19103F-16F7-4668-BE54-9A1E7A4F7556}") = "Tests", "Tests\Tests.csproj", "{99CEB15E-1FA6-45D6-8783-111699E13E45}"
EndProject
Project("{FAE04EC0-301F-11D3-BF4B-00C04F79EFBC}") = "HW6Server", "HW6Server\HW6Server.csproj", "{050268DD-98F8-4D95-BDE0-4D336D0CACE0}"
EndProject
Project("{FAE04EC0-301F-11D3-BF4B-00C04F79EFBC}") = "HW6Client", "HW6Client\HW6Client.csproj", "{D3B12C35-AF10-A2D9-8FD3-1547AFDF49D6}"
EndProject
Project("{FAE04EC0-301F-11D3-BF4B-00C04F79EFBC}") = "MainServer", "MainServer\MainServer.csproj", "{2341597B-0489-4BD1-86E1-B3F8D2B1DA80}"
EndProject
Project("{FAE04EC0-301F-11D3-BF4B-00C04F79EFBC}") = "NBomberTest", "NBomber\NBomberTest.csproj", "{7BE28758-FB4A-4584-982B-B9DE70DF5EB5}"
EndProject
Global
	GlobalSection(SolutionConfigurationPlatforms) = preSolution
		Debug|Any CPU = Debug|Any CPU
		Release|Any CPU = Release|Any CPU
	EndGlobalSection
	GlobalSection(ProjectConfigurationPlatforms) = postSolution
		{DEBC9053-7F4D-43D9-8AF6-B2717AD67825}.Debug|Any CPU.ActiveCfg = Debug|Any CPU
		{DEBC9053-7F4D-43D9-8AF6-B2717AD67825}.Debug|Any CPU.Build.0 = Debug|Any CPU
		{DEBC9053-7F4D-43D9-8AF6-B2717AD67825}.Release|Any CPU.ActiveCfg = Release|Any CPU
		{DEBC9053-7F4D-43D9-8AF6-B2717AD67825}.Release|Any CPU.Build.0 = Release|Any CPU
		{99CEB15E-1FA6-45D6-8783-111699E13E45}.Debug|Any CPU.ActiveCfg = Debug|Any CPU
		{99CEB15E-1FA6-45D6-8783-111699E13E45}.Debug|Any CPU.Build.0 = Debug|Any CPU
		{99CEB15E-1FA6-45D6-8783-111699E13E45}.Release|Any CPU.ActiveCfg = Release|Any CPU
		{99CEB15E-1FA6-45D6-8783-111699E13E45}.Release|Any CPU.Build.0 = Release|Any CPU
		{050268DD-98F8-4D95-BDE0-4D336D0CACE0}.Debug|Any CPU.ActiveCfg = Debug|Any CPU
		{050268DD-98F8-4D95-BDE0-4D336D0CACE0}.Debug|Any CPU.Build.0 = Debug|Any CPU
		{050268DD-98F8-4D95-BDE0-4D336D0CACE0}.Release|Any CPU.ActiveCfg = Release|Any CPU
		{050268DD-98F8-4D95-BDE0-4D336D0CACE0}.Release|Any CPU.Build.0 = Release|Any CPU
		{D3B12C35-AF10-A2D9-8FD3-1547AFDF49D6}.Debug|Any CPU.ActiveCfg = Debug|Any CPU
		{D3B12C35-AF10-A2D9-8FD3-1547AFDF49D6}.Debug|Any CPU.Build.0 = Debug|Any CPU
		{D3B12C35-AF10-A2D9-8FD3-1547AFDF49D6}.Release|Any CPU.ActiveCfg = Release|Any CPU
		{D3B12C35-AF10-A2D9-8FD3-1547AFDF49D6}.Release|Any CPU.Build.0 = Release|Any CPU
		{2341597B-0489-4BD1-86E1-B3F8D2B1DA80}.Debug|Any CPU.ActiveCfg = Debug|Any CPU
		{2341597B-0489-4BD1-86E1-B3F8D2B1DA80}.Debug|Any CPU.Build.0 = Debug|Any CPU
		{2341597B-0489-4BD1-86E1-B3F8D2B1DA80}.Release|Any CPU.ActiveCfg = Release|Any CPU
		{2341597B-0489-4BD1-86E1-B3F8D2B1DA80}.Release|Any CPU.Build.0 = Release|Any CPU
		{7BE28758-FB4A-4584-982B-B9DE70DF5EB5}.Debug|Any CPU.ActiveCfg = Debug|Any CPU
		{7BE28758-FB4A-4584-982B-B9DE70DF5EB5}.Debug|Any CPU.Build.0 = Debug|Any CPU
		{7BE28758-FB4A-4584-982B-B9DE70DF5EB5}.Release|Any CPU.ActiveCfg = Release|Any CPU
		{7BE28758-FB4A-4584-982B-B9DE70DF5EB5}.Release|Any CPU.Build.0 = Release|Any CPU
	EndGlobalSection
	GlobalSection(SolutionProperties) = preSolution
		HideSolutionNode = FALSE
	EndGlobalSection
	GlobalSection(ExtensibilityGlobals) = postSolution
		SolutionGuid = {BA155BDC-786B-4B8B-9722-47F74AEDB9BE}
	EndGlobalSection
EndGlobal
